
Microsoft Visual Studio Solution File, Format Version 12.00
# Visual Studio Version 16
VisualStudioVersion = 16.0.31515.178
MinimumVisualStudioVersion = 10.0.40219.1
Project("{FAE04EC0-301F-11D3-BF4B-00C04F79EFBC}") = "Suntek", "Suntek\Suntek.csproj", "{5D14CE4B-249E-4D24-9F2D-D4C4443F5C68}"
EndProject
Global
	GlobalSection(SolutionConfigurationPlatforms) = preSolution
		Debug|Any CPU = Debug|Any CPU
		Release|Any CPU = Release|Any CPU
	EndGlobalSection
	GlobalSection(ProjectConfigurationPlatforms) = postSolution
		{5D14CE4B-249E-4D24-9F2D-D4C4443F5C68}.Debug|Any CPU.ActiveCfg = Debug|Any CPU
		{5D14CE4B-249E-4D24-9F2D-D4C4443F5C68}.Debug|Any CPU.Build.0 = Debug|Any CPU
		{5D14CE4B-249E-4D24-9F2D-D4C4443F5C68}.Release|Any CPU.ActiveCfg = Release|Any CPU
		{5D14CE4B-249E-4D24-9F2D-D4C4443F5C68}.Release|Any CPU.Build.0 = Release|Any CPU
	EndGlobalSection
	GlobalSection(SolutionProperties) = preSolution
		HideSolutionNode = FALSE
	EndGlobalSection
	GlobalSection(ExtensibilityGlobals) = postSolution
		SolutionGuid = {EA884223-F506-4C6F-A438-3D75001B2263}
	EndGlobalSection
EndGlobal
